
Microsoft Visual Studio Solution File, Format Version 12.00
# Visual Studio 2013
VisualStudioVersion = 12.0.30501.0
MinimumVisualStudioVersion = 10.0.40219.1
Project("{FAE04EC0-301F-11D3-BF4B-00C04F79EFBC}") = "EAP.ModelFirst", "EAP.ModelFirst\EAP.ModelFirst.csproj", "{DDC5F095-1406-4563-9D6D-699B31C2A5BB}"
EndProject
Project("{FAE04EC0-301F-11D3-BF4B-00C04F79EFBC}") = "EAP", "EAP\EAP.csproj", "{DD9E027C-4212-4F7C-B1DC-AD94212F958B}"
EndProject
Project("{FAE04EC0-301F-11D3-BF4B-00C04F79EFBC}") = "EAP.Win.UI", "EAP.Win.UI\EAP.Win.UI.csproj", "{9D1538ED-7AAF-43EB-8887-273F526CC003}"
EndProject
Project("{FAE04EC0-301F-11D3-BF4B-00C04F79EFBC}") = "EAP.Win.UI.Design", "EAP.Win.UI.Design\EAP.Win.UI.Design.csproj", "{C8E135E1-9F8F-4B85-9118-B30CD7C09382}"
EndProject
Project("{FAE04EC0-301F-11D3-BF4B-00C04F79EFBC}") = "EAP.Entity", "EAP.Entity\EAP.Entity.csproj", "{01C0ED94-A11E-42D7-8651-4239F294F8CB}"
EndProject
Project("{FAE04EC0-301F-11D3-BF4B-00C04F79EFBC}") = "AutoUpdate", "AutoUpdater\AutoUpdate.csproj", "{5D099573-3C3A-4B04-A9BC-FC8613F7A3B7}"
EndProject
Global
	GlobalSection(SolutionConfigurationPlatforms) = preSolution
		Debug|Any CPU = Debug|Any CPU
		Debug|Mixed Platforms = Debug|Mixed Platforms
		Debug|x86 = Debug|x86
		Release|Any CPU = Release|Any CPU
		Release|Mixed Platforms = Release|Mixed Platforms
		Release|x86 = Release|x86
	EndGlobalSection
	GlobalSection(ProjectConfigurationPlatforms) = postSolution
		{DDC5F095-1406-4563-9D6D-699B31C2A5BB}.Debug|Any CPU.ActiveCfg = Debug|x86
		{DDC5F095-1406-4563-9D6D-699B31C2A5BB}.Debug|Mixed Platforms.ActiveCfg = Debug|x86
		{DDC5F095-1406-4563-9D6D-699B31C2A5BB}.Debug|Mixed Platforms.Build.0 = Debug|x86
		{DDC5F095-1406-4563-9D6D-699B31C2A5BB}.Debug|x86.ActiveCfg = Debug|x86
		{DDC5F095-1406-4563-9D6D-699B31C2A5BB}.Debug|x86.Build.0 = Debug|x86
		{DDC5F095-1406-4563-9D6D-699B31C2A5BB}.Release|Any CPU.ActiveCfg = Release|x86
		{DDC5F095-1406-4563-9D6D-699B31C2A5BB}.Release|Mixed Platforms.ActiveCfg = Release|x86
		{DDC5F095-1406-4563-9D6D-699B31C2A5BB}.Release|Mixed Platforms.Build.0 = Release|x86
		{DDC5F095-1406-4563-9D6D-699B31C2A5BB}.Release|x86.ActiveCfg = Release|x86
		{DDC5F095-1406-4563-9D6D-699B31C2A5BB}.Release|x86.Build.0 = Release|x86
		{DD9E027C-4212-4F7C-B1DC-AD94212F958B}.Debug|Any CPU.ActiveCfg = Debug|Any CPU
		{DD9E027C-4212-4F7C-B1DC-AD94212F958B}.Debug|Any CPU.Build.0 = Debug|Any CPU
		{DD9E027C-4212-4F7C-B1DC-AD94212F958B}.Debug|Mixed Platforms.ActiveCfg = Debug|Any CPU
		{DD9E027C-4212-4F7C-B1DC-AD94212F958B}.Debug|Mixed Platforms.Build.0 = Debug|Any CPU
		{DD9E027C-4212-4F7C-B1DC-AD94212F958B}.Debug|x86.ActiveCfg = Debug|Any CPU
		{DD9E027C-4212-4F7C-B1DC-AD94212F958B}.Release|Any CPU.ActiveCfg = Release|Any CPU
		{DD9E027C-4212-4F7C-B1DC-AD94212F958B}.Release|Any CPU.Build.0 = Release|Any CPU
		{DD9E027C-4212-4F7C-B1DC-AD94212F958B}.Release|Mixed Platforms.ActiveCfg = Release|Any CPU
		{DD9E027C-4212-4F7C-B1DC-AD94212F958B}.Release|Mixed Platforms.Build.0 = Release|Any CPU
		{DD9E027C-4212-4F7C-B1DC-AD94212F958B}.Release|x86.ActiveCfg = Release|Any CPU
		{9D1538ED-7AAF-43EB-8887-273F526CC003}.Debug|Any CPU.ActiveCfg = Debug|Any CPU
		{9D1538ED-7AAF-43EB-8887-273F526CC003}.Debug|Any CPU.Build.0 = Debug|Any CPU
		{9D1538ED-7AAF-43EB-8887-273F526CC003}.Debug|Mixed Platforms.ActiveCfg = Debug|Any CPU
		{9D1538ED-7AAF-43EB-8887-273F526CC003}.Debug|Mixed Platforms.Build.0 = Debug|Any CPU
		{9D1538ED-7AAF-43EB-8887-273F526CC003}.Debug|x86.ActiveCfg = Debug|Any CPU
		{9D1538ED-7AAF-43EB-8887-273F526CC003}.Release|Any CPU.ActiveCfg = Release|Any CPU
		{9D1538ED-7AAF-43EB-8887-273F526CC003}.Release|Any CPU.Build.0 = Release|Any CPU
		{9D1538ED-7AAF-43EB-8887-273F526CC003}.Release|Mixed Platforms.ActiveCfg = Release|Any CPU
		{9D1538ED-7AAF-43EB-8887-273F526CC003}.Release|Mixed Platforms.Build.0 = Release|Any CPU
		{9D1538ED-7AAF-43EB-8887-273F526CC003}.Release|x86.ActiveCfg = Release|Any CPU
		{C8E135E1-9F8F-4B85-9118-B30CD7C09382}.Debug|Any CPU.ActiveCfg = Debug|Any CPU
		{C8E135E1-9F8F-4B85-9118-B30CD7C09382}.Debug|Any CPU.Build.0 = Debug|Any CPU
		{C8E135E1-9F8F-4B85-9118-B30CD7C09382}.Debug|Mixed Platforms.ActiveCfg = Debug|Any CPU
		{C8E135E1-9F8F-4B85-9118-B30CD7C09382}.Debug|Mixed Platforms.Build.0 = Debug|Any CPU
		{C8E135E1-9F8F-4B85-9118-B30CD7C09382}.Debug|x86.ActiveCfg = Debug|Any CPU
		{C8E135E1-9F8F-4B85-9118-B30CD7C09382}.Release|Any CPU.ActiveCfg = Release|Any CPU
		{C8E135E1-9F8F-4B85-9118-B30CD7C09382}.Release|Any CPU.Build.0 = Release|Any CPU
		{C8E135E1-9F8F-4B85-9118-B30CD7C09382}.Release|Mixed Platforms.ActiveCfg = Release|Any CPU
		{C8E135E1-9F8F-4B85-9118-B30CD7C09382}.Release|Mixed Platforms.Build.0 = Release|Any CPU
		{C8E135E1-9F8F-4B85-9118-B30CD7C09382}.Release|x86.ActiveCfg = Release|Any CPU
		{01C0ED94-A11E-42D7-8651-4239F294F8CB}.Debug|Any CPU.ActiveCfg = Debug|Any CPU
		{01C0ED94-A11E-42D7-8651-4239F294F8CB}.Debug|Any CPU.Build.0 = Debug|Any CPU
		{01C0ED94-A11E-42D7-8651-4239F294F8CB}.Debug|Mixed Platforms.ActiveCfg = Debug|Any CPU
		{01C0ED94-A11E-42D7-8651-4239F294F8CB}.Debug|Mixed Platforms.Build.0 = Debug|Any CPU
		{01C0ED94-A11E-42D7-8651-4239F294F8CB}.Debug|x86.ActiveCfg = Debug|Any CPU
		{01C0ED94-A11E-42D7-8651-4239F294F8CB}.Release|Any CPU.ActiveCfg = Release|Any CPU
		{01C0ED94-A11E-42D7-8651-4239F294F8CB}.Release|Any CPU.Build.0 = Release|Any CPU
		{01C0ED94-A11E-42D7-8651-4239F294F8CB}.Release|Mixed Platforms.ActiveCfg = Release|Any CPU
		{01C0ED94-A11E-42D7-8651-4239F294F8CB}.Release|Mixed Platforms.Build.0 = Release|Any CPU
		{01C0ED94-A11E-42D7-8651-4239F294F8CB}.Release|x86.ActiveCfg = Release|Any CPU
		{5D099573-3C3A-4B04-A9BC-FC8613F7A3B7}.Debug|Any CPU.ActiveCfg = Debug|Any CPU
		{5D099573-3C3A-4B04-A9BC-FC8613F7A3B7}.Debug|Any CPU.Build.0 = Debug|Any CPU
		{5D099573-3C3A-4B04-A9BC-FC8613F7A3B7}.Debug|Mixed Platforms.ActiveCfg = Debug|Any CPU
		{5D099573-3C3A-4B04-A9BC-FC8613F7A3B7}.Debug|Mixed Platforms.Build.0 = Debug|Any CPU
		{5D099573-3C3A-4B04-A9BC-FC8613F7A3B7}.Debug|x86.ActiveCfg = Debug|Any CPU
		{5D099573-3C3A-4B04-A9BC-FC8613F7A3B7}.Release|Any CPU.ActiveCfg = Release|Any CPU
		{5D099573-3C3A-4B04-A9BC-FC8613F7A3B7}.Release|Any CPU.Build.0 = Release|Any CPU
		{5D099573-3C3A-4B04-A9BC-FC8613F7A3B7}.Release|Mixed Platforms.ActiveCfg = Release|Any CPU
		{5D099573-3C3A-4B04-A9BC-FC8613F7A3B7}.Release|Mixed Platforms.Build.0 = Release|Any CPU
		{5D099573-3C3A-4B04-A9BC-FC8613F7A3B7}.Release|x86.ActiveCfg = Release|Any CPU
	EndGlobalSection
	GlobalSection(SolutionProperties) = preSolution
		HideSolutionNode = FALSE
	EndGlobalSection
EndGlobal
